// !$*UTF8*$!
{
	archiveVersion = 1;
	classes = {
	};
	objectVersion = 46;
	objects = {

/* Begin PBXBuildFile section */
		CD1E531A1D05669A00CC42C7 /* main.m in Sources */ = {isa = PBXBuildFile; fileRef = CD1E53191D05669A00CC42C7 /* main.m */; };
		CD1E531D1D05669A00CC42C7 /* AppDelegate.m in Sources */ = {isa = PBXBuildFile; fileRef = CD1E531C1D05669A00CC42C7 /* AppDelegate.m */; };
		CD1E53201D05669A00CC42C7 /* ViewController.m in Sources */ = {isa = PBXBuildFile; fileRef = CD1E531F1D05669A00CC42C7 /* ViewController.m */; };
		CD1E53231D05669A00CC42C7 /* Main.storyboard in Resources */ = {isa = PBXBuildFile; fileRef = CD1E53211D05669A00CC42C7 /* Main.storyboard */; };
		CD1E53251D05669A00CC42C7 /* Assets.xcassets in Resources */ = {isa = PBXBuildFile; fileRef = CD1E53241D05669A00CC42C7 /* Assets.xcassets */; };
		CD1E53281D05669A00CC42C7 /* LaunchScreen.storyboard in Resources */ = {isa = PBXBuildFile; fileRef = CD1E53261D05669A00CC42C7 /* LaunchScreen.storyboard */; };
		CD1E53331D05669A00CC42C7 /* zhnActiveFireTests.m in Sources */ = {isa = PBXBuildFile; fileRef = CD1E53321D05669A00CC42C7 /* zhnActiveFireTests.m */; };
		CD1E533E1D05669A00CC42C7 /* zhnActiveFireUITests.m in Sources */ = {isa = PBXBuildFile; fileRef = CD1E533D1D05669A00CC42C7 /* zhnActiveFireUITests.m */; };
		CD1E534D1D05675D00CC42C7 /* zhnAtiveFireView.m in Sources */ = {isa = PBXBuildFile; fileRef = CD1E534C1D05675D00CC42C7 /* zhnAtiveFireView.m */; };
		CD1E53651D06929000CC42C7 /* UIImageView+ZHNimage.m in Sources */ = {isa = PBXBuildFile; fileRef = CD1E53541D06929000CC42C7 /* UIImageView+ZHNimage.m */; };
		CD1E53661D06929000CC42C7 /* UIImageView+ZHNimageCache.m in Sources */ = {isa = PBXBuildFile; fileRef = CD1E53561D06929000CC42C7 /* UIImageView+ZHNimageCache.m */; };
		CD1E53671D06929000CC42C7 /* ZHNdiskCache.m in Sources */ = {isa = PBXBuildFile; fileRef = CD1E53581D06929000CC42C7 /* ZHNdiskCache.m */; };
		CD1E53681D06929000CC42C7 /* ZHNimageDownLoader.m in Sources */ = {isa = PBXBuildFile; fileRef = CD1E535A1D06929000CC42C7 /* ZHNimageDownLoader.m */; };
		CD1E53691D06929000CC42C7 /* ZHNmemoryCache.m in Sources */ = {isa = PBXBuildFile; fileRef = CD1E535C1D06929000CC42C7 /* ZHNmemoryCache.m */; };
		CD1E536A1D06929000CC42C7 /* ZHNunlimitedCarouselView.m in Sources */ = {isa = PBXBuildFile; fileRef = CD1E535E1D06929000CC42C7 /* ZHNunlimitedCarouselView.m */; };
		CD1E536B1D06929000CC42C7 /* ZHNunlimitedCell.m in Sources */ = {isa = PBXBuildFile; fileRef = CD1E53601D06929000CC42C7 /* ZHNunlimitedCell.m */; };
		CD1E536C1D06929000CC42C7 /* ZHNwebImageCache.m in Sources */ = {isa = PBXBuildFile; fileRef = CD1E53621D06929000CC42C7 /* ZHNwebImageCache.m */; };
		CD1E536D1D06929000CC42C7 /* ZHNwebImageOperation.m in Sources */ = {isa = PBXBuildFile; fileRef = CD1E53641D06929000CC42C7 /* ZHNwebImageOperation.m */; };
		CD1E538A1D06997100CC42C7 /* MASCompositeConstraint.m in Sources */ = {isa = PBXBuildFile; fileRef = CD1E53711D06997100CC42C7 /* MASCompositeConstraint.m */; };
		CD1E538B1D06997100CC42C7 /* MASConstraint.m in Sources */ = {isa = PBXBuildFile; fileRef = CD1E53741D06997100CC42C7 /* MASConstraint.m */; };
		CD1E538C1D06997100CC42C7 /* MASConstraintMaker.m in Sources */ = {isa = PBXBuildFile; fileRef = CD1E53761D06997100CC42C7 /* MASConstraintMaker.m */; };
		CD1E538D1D06997100CC42C7 /* MASLayoutConstraint.m in Sources */ = {isa = PBXBuildFile; fileRef = CD1E53781D06997100CC42C7 /* MASLayoutConstraint.m */; };
		CD1E538E1D06997100CC42C7 /* MASViewAttribute.m in Sources */ = {isa = PBXBuildFile; fileRef = CD1E537C1D06997100CC42C7 /* MASViewAttribute.m */; };
		CD1E538F1D06997100CC42C7 /* MASViewConstraint.m in Sources */ = {isa = PBXBuildFile; fileRef = CD1E537E1D06997100CC42C7 /* MASViewConstraint.m */; };
		CD1E53901D06997100CC42C7 /* NSArray+MASAdditions.m in Sources */ = {isa = PBXBuildFile; fileRef = CD1E53801D06997100CC42C7 /* NSArray+MASAdditions.m */; };
		CD1E53911D06997100CC42C7 /* NSLayoutConstraint+MASDebugAdditions.m in Sources */ = {isa = PBXBuildFile; fileRef = CD1E53831D06997100CC42C7 /* NSLayoutConstraint+MASDebugAdditions.m */; };
		CD1E53921D06997100CC42C7 /* View+MASAdditions.m in Sources */ = {isa = PBXBuildFile; fileRef = CD1E53851D06997100CC42C7 /* View+MASAdditions.m */; };
		CD1E53931D06997100CC42C7 /* ViewController+MASAdditions.m in Sources */ = {isa = PBXBuildFile; fileRef = CD1E53881D06997100CC42C7 /* ViewController+MASAdditions.m */; };
/* End PBXBuildFile section */

/* Begin PBXContainerItemProxy section */
		CD1E532F1D05669A00CC42C7 /* PBXContainerItemProxy */ = {
			isa = PBXContainerItemProxy;
			containerPortal = CD1E530D1D05669A00CC42C7 /* Project object */;
			proxyType = 1;
			remoteGlobalIDString = CD1E53141D05669A00CC42C7;
			remoteInfo = zhnActiveFire;
		};
		CD1E533A1D05669A00CC42C7 /* PBXContainerItemProxy */ = {
			isa = PBXContainerItemProxy;
			containerPortal = CD1E530D1D05669A00CC42C7 /* Project object */;
			proxyType = 1;
			remoteGlobalIDString = CD1E53141D05669A00CC42C7;
			remoteInfo = zhnActiveFire;
		};
/* End PBXContainerItemProxy section */

/* Begin PBXFileReference section */
		CD1E53151D05669A00CC42C7 /* zhnActiveFire.app */ = {isa = PBXFileReference; explicitFileType = wrapper.application; includeInIndex = 0; path = zhnActiveFire.app; sourceTree = BUILT_PRODUCTS_DIR; };
		CD1E53191D05669A00CC42C7 /* main.m */ = {isa = PBXFileReference; lastKnownFileType = sourcecode.c.objc; path = main.m; sourceTree = "<group>"; };
		CD1E531B1D05669A00CC42C7 /* AppDelegate.h */ = {isa = PBXFileReference; lastKnownFileType = sourcecode.c.h; path = AppDelegate.h; sourceTree = "<group>"; };
		CD1E531C1D05669A00CC42C7 /* AppDelegate.m */ = {isa = PBXFileReference; lastKnownFileType = sourcecode.c.objc; path = AppDelegate.m; sourceTree = "<group>"; };
		CD1E531E1D05669A00CC42C7 /* ViewController.h */ = {isa = PBXFileReference; lastKnownFileType = sourcecode.c.h; path = ViewController.h; sourceTree = "<group>"; };
		CD1E531F1D05669A00CC42C7 /* ViewController.m */ = {isa = PBXFileReference; lastKnownFileType = sourcecode.c.objc; path = ViewController.m; sourceTree = "<group>"; };
		CD1E53221D05669A00CC42C7 /* Base */ = {isa = PBXFileReference; lastKnownFileType = file.storyboard; name = Base; path = Base.lproj/Main.storyboard; sourceTree = "<group>"; };
		CD1E53241D05669A00CC42C7 /* Assets.xcassets */ = {isa = PBXFileReference; lastKnownFileType = folder.assetcatalog; path = Assets.xcassets; sourceTree = "<group>"; };
		CD1E53271D05669A00CC42C7 /* Base */ = {isa = PBXFileReference; lastKnownFileType = file.storyboard; name = Base; path = Base.lproj/LaunchScreen.storyboard; sourceTree = "<group>"; };
		CD1E53291D05669A00CC42C7 /* Info.plist */ = {isa = PBXFileReference; lastKnownFileType = text.plist.xml; path = Info.plist; sourceTree = "<group>"; };
		CD1E532E1D05669A00CC42C7 /* zhnActiveFireTests.xctest */ = {isa = PBXFileReference; explicitFileType = wrapper.cfbundle; includeInIndex = 0; path = zhnActiveFireTests.xctest; sourceTree = BUILT_PRODUCTS_DIR; };
		CD1E53321D05669A00CC42C7 /* zhnActiveFireTests.m */ = {isa = PBXFileReference; lastKnownFileType = sourcecode.c.objc; path = zhnActiveFireTests.m; sourceTree = "<group>"; };
		CD1E53341D05669A00CC42C7 /* Info.plist */ = {isa = PBXFileReference; lastKnownFileType = text.plist.xml; path = Info.plist; sourceTree = "<group>"; };
		CD1E53391D05669A00CC42C7 /* zhnActiveFireUITests.xctest */ = {isa = PBXFileReference; explicitFileType = wrapper.cfbundle; includeInIndex = 0; path = zhnActiveFireUITests.xctest; sourceTree = BUILT_PRODUCTS_DIR; };
		CD1E533D1D05669A00CC42C7 /* zhnActiveFireUITests.m */ = {isa = PBXFileReference; lastKnownFileType = sourcecode.c.objc; path = zhnActiveFireUITests.m; sourceTree = "<group>"; };
		CD1E533F1D05669A00CC42C7 /* Info.plist */ = {isa = PBXFileReference; lastKnownFileType = text.plist.xml; path = Info.plist; sourceTree = "<group>"; };
		CD1E534B1D05675D00CC42C7 /* zhnAtiveFireView.h */ = {isa = PBXFileReference; fileEncoding = 4; lastKnownFileType = sourcecode.c.h; path = zhnAtiveFireView.h; sourceTree = "<group>"; };
		CD1E534C1D05675D00CC42C7 /* zhnAtiveFireView.m */ = {isa = PBXFileReference; fileEncoding = 4; lastKnownFileType = sourcecode.c.objc; path = zhnAtiveFireView.m; sourceTree = "<group>"; };
		CD1E53531D06929000CC42C7 /* UIImageView+ZHNimage.h */ = {isa = PBXFileReference; fileEncoding = 4; lastKnownFileType = sourcecode.c.h; path = "UIImageView+ZHNimage.h"; sourceTree = "<group>"; };
		CD1E53541D06929000CC42C7 /* UIImageView+ZHNimage.m */ = {isa = PBXFileReference; fileEncoding = 4; lastKnownFileType = sourcecode.c.objc; path = "UIImageView+ZHNimage.m"; sourceTree = "<group>"; };
		CD1E53551D06929000CC42C7 /* UIImageView+ZHNimageCache.h */ = {isa = PBXFileReference; fileEncoding = 4; lastKnownFileType = sourcecode.c.h; path = "UIImageView+ZHNimageCache.h"; sourceTree = "<group>"; };
		CD1E53561D06929000CC42C7 /* UIImageView+ZHNimageCache.m */ = {isa = PBXFileReference; fileEncoding = 4; lastKnownFileType = sourcecode.c.objc; path = "UIImageView+ZHNimageCache.m"; sourceTree = "<group>"; };
		CD1E53571D06929000CC42C7 /* ZHNdiskCache.h */ = {isa = PBXFileReference; fileEncoding = 4; lastKnownFileType = sourcecode.c.h; path = ZHNdiskCache.h; sourceTree = "<group>"; };
		CD1E53581D06929000CC42C7 /* ZHNdiskCache.m */ = {isa = PBXFileReference; fileEncoding = 4; lastKnownFileType = sourcecode.c.objc; path = ZHNdiskCache.m; sourceTree = "<group>"; };
		CD1E53591D06929000CC42C7 /* ZHNimageDownLoader.h */ = {isa = PBXFileReference; fileEncoding = 4; lastKnownFileType = sourcecode.c.h; path = ZHNimageDownLoader.h; sourceTree = "<group>"; };
		CD1E535A1D06929000CC42C7 /* ZHNimageDownLoader.m */ = {isa = PBXFileReference; fileEncoding = 4; lastKnownFileType = sourcecode.c.objc; path = ZHNimageDownLoader.m; sourceTree = "<group>"; };
		CD1E535B1D06929000CC42C7 /* ZHNmemoryCache.h */ = {isa = PBXFileReference; fileEncoding = 4; lastKnownFileType = sourcecode.c.h; path = ZHNmemoryCache.h; sourceTree = "<group>"; };
		CD1E535C1D06929000CC42C7 /* ZHNmemoryCache.m */ = {isa = PBXFileReference; fileEncoding = 4; lastKnownFileType = sourcecode.c.objc; path = ZHNmemoryCache.m; sourceTree = "<group>"; };
		CD1E535D1D06929000CC42C7 /* ZHNunlimitedCarouselView.h */ = {isa = PBXFileReference; fileEncoding = 4; lastKnownFileType = sourcecode.c.h; path = ZHNunlimitedCarouselView.h; sourceTree = "<group>"; };
		CD1E535E1D06929000CC42C7 /* ZHNunlimitedCarouselView.m */ = {isa = PBXFileReference; fileEncoding = 4; lastKnownFileType = sourcecode.c.objc; path = ZHNunlimitedCarouselView.m; sourceTree = "<group>"; };
		CD1E535F1D06929000CC42C7 /* ZHNunlimitedCell.h */ = {isa = PBXFileReference; fileEncoding = 4; lastKnownFileType = sourcecode.c.h; path = ZHNunlimitedCell.h; sourceTree = "<group>"; };
		CD1E53601D06929000CC42C7 /* ZHNunlimitedCell.m */ = {isa = PBXFileReference; fileEncoding = 4; lastKnownFileType = sourcecode.c.objc; path = ZHNunlimitedCell.m; sourceTree = "<group>"; };
		CD1E53611D06929000CC42C7 /* ZHNwebImageCache.h */ = {isa = PBXFileReference; fileEncoding = 4; lastKnownFileType = sourcecode.c.h; path = ZHNwebImageCache.h; sourceTree = "<group>"; };
		CD1E53621D06929000CC42C7 /* ZHNwebImageCache.m */ = {isa = PBXFileReference; fileEncoding = 4; lastKnownFileType = sourcecode.c.objc; path = ZHNwebImageCache.m; sourceTree = "<group>"; };
		CD1E53631D06929000CC42C7 /* ZHNwebImageOperation.h */ = {isa = PBXFileReference; fileEncoding = 4; lastKnownFileType = sourcecode.c.h; path = ZHNwebImageOperation.h; sourceTree = "<group>"; };
		CD1E53641D06929000CC42C7 /* ZHNwebImageOperation.m */ = {isa = PBXFileReference; fileEncoding = 4; lastKnownFileType = sourcecode.c.objc; path = ZHNwebImageOperation.m; sourceTree = "<group>"; };
		CD1E53701D06997100CC42C7 /* MASCompositeConstraint.h */ = {isa = PBXFileReference; fileEncoding = 4; lastKnownFileType = sourcecode.c.h; path = MASCompositeConstraint.h; sourceTree = "<group>"; };
		CD1E53711D06997100CC42C7 /* MASCompositeConstraint.m */ = {isa = PBXFileReference; fileEncoding = 4; lastKnownFileType = sourcecode.c.objc; path = MASCompositeConstraint.m; sourceTree = "<group>"; };
		CD1E53721D06997100CC42C7 /* MASConstraint+Private.h */ = {isa = PBXFileReference; fileEncoding = 4; lastKnownFileType = sourcecode.c.h; path = "MASConstraint+Private.h"; sourceTree = "<group>"; };
		CD1E53731D06997100CC42C7 /* MASConstraint.h */ = {isa = PBXFileReference; fileEncoding = 4; lastKnownFileType = sourcecode.c.h; path = MASConstraint.h; sourceTree = "<group>"; };
		CD1E53741D06997100CC42C7 /* MASConstraint.m */ = {isa = PBXFileReference; fileEncoding = 4; lastKnownFileType = sourcecode.c.objc; path = MASConstraint.m; sourceTree = "<group>"; };
		CD1E53751D06997100CC42C7 /* MASConstraintMaker.h */ = {isa = PBXFileReference; fileEncoding = 4; lastKnownFileType = sourcecode.c.h; path = MASConstraintMaker.h; sourceTree = "<group>"; };
		CD1E53761D06997100CC42C7 /* MASConstraintMaker.m */ = {isa = PBXFileReference; fileEncoding = 4; lastKnownFileType = sourcecode.c.objc; path = MASConstraintMaker.m; sourceTree = "<group>"; };
		CD1E53771D06997100CC42C7 /* MASLayoutConstraint.h */ = {isa = PBXFileReference; fileEncoding = 4; lastKnownFileType = sourcecode.c.h; path = MASLayoutConstraint.h; sourceTree = "<group>"; };
		CD1E53781D06997100CC42C7 /* MASLayoutConstraint.m */ = {isa = PBXFileReference; fileEncoding = 4; lastKnownFileType = sourcecode.c.objc; path = MASLayoutConstraint.m; sourceTree = "<group>"; };
		CD1E53791D06997100CC42C7 /* Masonry.h */ = {isa = PBXFileReference; fileEncoding = 4; lastKnownFileType = sourcecode.c.h; path = Masonry.h; sourceTree = "<group>"; };
		CD1E537A1D06997100CC42C7 /* MASUtilities.h */ = {isa = PBXFileReference; fileEncoding = 4; lastKnownFileType = sourcecode.c.h; path = MASUtilities.h; sourceTree = "<group>"; };
		CD1E537B1D06997100CC42C7 /* MASViewAttribute.h */ = {isa = PBXFileReference; fileEncoding = 4; lastKnownFileType = sourcecode.c.h; path = MASViewAttribute.h; sourceTree = "<group>"; };
		CD1E537C1D06997100CC42C7 /* MASViewAttribute.m */ = {isa = PBXFileReference; fileEncoding = 4; lastKnownFileType = sourcecode.c.objc; path = MASViewAttribute.m; sourceTree = "<group>"; };
		CD1E537D1D06997100CC42C7 /* MASViewConstraint.h */ = {isa = PBXFileReference; fileEncoding = 4; lastKnownFileType = sourcecode.c.h; path = MASViewConstraint.h; sourceTree = "<group>"; };
		CD1E537E1D06997100CC42C7 /* MASViewConstraint.m */ = {isa = PBXFileReference; fileEncoding = 4; lastKnownFileType = sourcecode.c.objc; path = MASViewConstraint.m; sourceTree = "<group>"; };
		CD1E537F1D06997100CC42C7 /* NSArray+MASAdditions.h */ = {isa = PBXFileReference; fileEncoding = 4; lastKnownFileType = sourcecode.c.h; path = "NSArray+MASAdditions.h"; sourceTree = "<group>"; };
		CD1E53801D06997100CC42C7 /* NSArray+MASAdditions.m */ = {isa = PBXFileReference; fileEncoding = 4; lastKnownFileType = sourcecode.c.objc; path = "NSArray+MASAdditions.m"; sourceTree = "<group>"; };
		CD1E53811D06997100CC42C7 /* NSArray+MASShorthandAdditions.h */ = {isa = PBXFileReference; fileEncoding = 4; lastKnownFileType = sourcecode.c.h; path = "NSArray+MASShorthandAdditions.h"; sourceTree = "<group>"; };
		CD1E53821D06997100CC42C7 /* NSLayoutConstraint+MASDebugAdditions.h */ = {isa = PBXFileReference; fileEncoding = 4; lastKnownFileType = sourcecode.c.h; path = "NSLayoutConstraint+MASDebugAdditions.h"; sourceTree = "<group>"; };
		CD1E53831D06997100CC42C7 /* NSLayoutConstraint+MASDebugAdditions.m */ = {isa = PBXFileReference; fileEncoding = 4; lastKnownFileType = sourcecode.c.objc; path = "NSLayoutConstraint+MASDebugAdditions.m"; sourceTree = "<group>"; };
		CD1E53841D06997100CC42C7 /* View+MASAdditions.h */ = {isa = PBXFileReference; fileEncoding = 4; lastKnownFileType = sourcecode.c.h; path = "View+MASAdditions.h"; sourceTree = "<group>"; };
		CD1E53851D06997100CC42C7 /* View+MASAdditions.m */ = {isa = PBXFileReference; fileEncoding = 4; lastKnownFileType = sourcecode.c.objc; path = "View+MASAdditions.m"; sourceTree = "<group>"; };
		CD1E53861D06997100CC42C7 /* View+MASShorthandAdditions.h */ = {isa = PBXFileReference; fileEncoding = 4; lastKnownFileType = sourcecode.c.h; path = "View+MASShorthandAdditions.h"; sourceTree = "<group>"; };
		CD1E53871D06997100CC42C7 /* ViewController+MASAdditions.h */ = {isa = PBXFileReference; fileEncoding = 4; lastKnownFileType = sourcecode.c.h; path = "ViewController+MASAdditions.h"; sourceTree = "<group>"; };
		CD1E53881D06997100CC42C7 /* ViewController+MASAdditions.m */ = {isa = PBXFileReference; fileEncoding = 4; lastKnownFileType = sourcecode.c.objc; path = "ViewController+MASAdditions.m"; sourceTree = "<group>"; };
/* End PBXFileReference section */

/* Begin PBXFrameworksBuildPhase section */
		CD1E53121D05669A00CC42C7 /* Frameworks */ = {
			isa = PBXFrameworksBuildPhase;
			buildActionMask = 2147483647;
			files = (
			);
			runOnlyForDeploymentPostprocessing = 0;
		};
		CD1E532B1D05669A00CC42C7 /* Frameworks */ = {
			isa = PBXFrameworksBuildPhase;
			buildActionMask = 2147483647;
			files = (
			);
			runOnlyForDeploymentPostprocessing = 0;
		};
		CD1E53361D05669A00CC42C7 /* Frameworks */ = {
			isa = PBXFrameworksBuildPhase;
			buildActionMask = 2147483647;
			files = (
			);
			runOnlyForDeploymentPostprocessing = 0;
		};
/* End PBXFrameworksBuildPhase section */

/* Begin PBXGroup section */
		CD1E530C1D05669A00CC42C7 = {
			isa = PBXGroup;
			children = (
				CD1E53171D05669A00CC42C7 /* zhnActiveFire */,
				CD1E53311D05669A00CC42C7 /* zhnActiveFireTests */,
				CD1E533C1D05669A00CC42C7 /* zhnActiveFireUITests */,
				CD1E53161D05669A00CC42C7 /* Products */,
			);
			sourceTree = "<group>";
		};
		CD1E53161D05669A00CC42C7 /* Products */ = {
			isa = PBXGroup;
			children = (
				CD1E53151D05669A00CC42C7 /* zhnActiveFire.app */,
				CD1E532E1D05669A00CC42C7 /* zhnActiveFireTests.xctest */,
				CD1E53391D05669A00CC42C7 /* zhnActiveFireUITests.xctest */,
			);
			name = Products;
			sourceTree = "<group>";
		};
		CD1E53171D05669A00CC42C7 /* zhnActiveFire */ = {
			isa = PBXGroup;
			children = (
				CD1E531B1D05669A00CC42C7 /* AppDelegate.h */,
				CD1E531C1D05669A00CC42C7 /* AppDelegate.m */,
				CD1E531E1D05669A00CC42C7 /* ViewController.h */,
				CD1E531F1D05669A00CC42C7 /* ViewController.m */,
				CD1E534B1D05675D00CC42C7 /* zhnAtiveFireView.h */,
				CD1E534C1D05675D00CC42C7 /* zhnAtiveFireView.m */,
				CD1E53211D05669A00CC42C7 /* Main.storyboard */,
				CD1E53241D05669A00CC42C7 /* Assets.xcassets */,
				CD1E53261D05669A00CC42C7 /* LaunchScreen.storyboard */,
				CD1E53291D05669A00CC42C7 /* Info.plist */,
				CD1E53941D06997900CC42C7 /* lib */,
				CD1E53181D05669A00CC42C7 /* Supporting Files */,
			);
			path = zhnActiveFire;
			sourceTree = "<group>";
		};
		CD1E53181D05669A00CC42C7 /* Supporting Files */ = {
			isa = PBXGroup;
			children = (
				CD1E53191D05669A00CC42C7 /* main.m */,
			);
			name = "Supporting Files";
			sourceTree = "<group>";
		};
		CD1E53311D05669A00CC42C7 /* zhnActiveFireTests */ = {
			isa = PBXGroup;
			children = (
				CD1E53321D05669A00CC42C7 /* zhnActiveFireTests.m */,
				CD1E53341D05669A00CC42C7 /* Info.plist */,
			);
			path = zhnActiveFireTests;
			sourceTree = "<group>";
		};
		CD1E533C1D05669A00CC42C7 /* zhnActiveFireUITests */ = {
			isa = PBXGroup;
			children = (
				CD1E533D1D05669A00CC42C7 /* zhnActiveFireUITests.m */,
				CD1E533F1D05669A00CC42C7 /* Info.plist */,
			);
			path = zhnActiveFireUITests;
			sourceTree = "<group>";
		};
		CD1E53511D06929000CC42C7 /* zhncustomWebImage */ = {
			isa = PBXGroup;
			children = (
				CD1E53531D06929000CC42C7 /* UIImageView+ZHNimage.h */,
				CD1E53541D06929000CC42C7 /* UIImageView+ZHNimage.m */,
				CD1E53551D06929000CC42C7 /* UIImageView+ZHNimageCache.h */,
				CD1E53561D06929000CC42C7 /* UIImageView+ZHNimageCache.m */,
				CD1E53571D06929000CC42C7 /* ZHNdiskCache.h */,
				CD1E53581D06929000CC42C7 /* ZHNdiskCache.m */,
				CD1E53591D06929000CC42C7 /* ZHNimageDownLoader.h */,
				CD1E535A1D06929000CC42C7 /* ZHNimageDownLoader.m */,
				CD1E535B1D06929000CC42C7 /* ZHNmemoryCache.h */,
				CD1E535C1D06929000CC42C7 /* ZHNmemoryCache.m */,
				CD1E535D1D06929000CC42C7 /* ZHNunlimitedCarouselView.h */,
				CD1E535E1D06929000CC42C7 /* ZHNunlimitedCarouselView.m */,
				CD1E535F1D06929000CC42C7 /* ZHNunlimitedCell.h */,
				CD1E53601D06929000CC42C7 /* ZHNunlimitedCell.m */,
				CD1E53611D06929000CC42C7 /* ZHNwebImageCache.h */,
				CD1E53621D06929000CC42C7 /* ZHNwebImageCache.m */,
				CD1E53631D06929000CC42C7 /* ZHNwebImageOperation.h */,
				CD1E53641D06929000CC42C7 /* ZHNwebImageOperation.m */,
			);
			path = zhncustomWebImage;
			sourceTree = "<group>";
		};
		CD1E536E1D06997100CC42C7 /* Masonry */ = {
			isa = PBXGroup;
			children = (
				CD1E53701D06997100CC42C7 /* MASCompositeConstraint.h */,
				CD1E53711D06997100CC42C7 /* MASCompositeConstraint.m */,
				CD1E53721D06997100CC42C7 /* MASConstraint+Private.h */,
				CD1E53731D06997100CC42C7 /* MASConstraint.h */,
				CD1E53741D06997100CC42C7 /* MASConstraint.m */,
				CD1E53751D06997100CC42C7 /* MASConstraintMaker.h */,
				CD1E53761D06997100CC42C7 /* MASConstraintMaker.m */,
				CD1E53771D06997100CC42C7 /* MASLayoutConstraint.h */,
				CD1E53781D06997100CC42C7 /* MASLayoutConstraint.m */,
				CD1E53791D06997100CC42C7 /* Masonry.h */,
				CD1E537A1D06997100CC42C7 /* MASUtilities.h */,
				CD1E537B1D06997100CC42C7 /* MASViewAttribute.h */,
				CD1E537C1D06997100CC42C7 /* MASViewAttribute.m */,
				CD1E537D1D06997100CC42C7 /* MASViewConstraint.h */,
				CD1E537E1D06997100CC42C7 /* MASViewConstraint.m */,
				CD1E537F1D06997100CC42C7 /* NSArray+MASAdditions.h */,
				CD1E53801D06997100CC42C7 /* NSArray+MASAdditions.m */,
				CD1E53811D06997100CC42C7 /* NSArray+MASShorthandAdditions.h */,
				CD1E53821D06997100CC42C7 /* NSLayoutConstraint+MASDebugAdditions.h */,
				CD1E53831D06997100CC42C7 /* NSLayoutConstraint+MASDebugAdditions.m */,
				CD1E53841D06997100CC42C7 /* View+MASAdditions.h */,
				CD1E53851D06997100CC42C7 /* View+MASAdditions.m */,
				CD1E53861D06997100CC42C7 /* View+MASShorthandAdditions.h */,
				CD1E53871D06997100CC42C7 /* ViewController+MASAdditions.h */,
				CD1E53881D06997100CC42C7 /* ViewController+MASAdditions.m */,
			);
			path = Masonry;
			sourceTree = "<group>";
		};
		CD1E53941D06997900CC42C7 /* lib */ = {
			isa = PBXGroup;
			children = (
				CD1E536E1D06997100CC42C7 /* Masonry */,
				CD1E53511D06929000CC42C7 /* zhncustomWebImage */,
			);
			name = lib;
			sourceTree = "<group>";
		};
/* End PBXGroup section */

/* Begin PBXNativeTarget section */
		CD1E53141D05669A00CC42C7 /* zhnActiveFire */ = {
			isa = PBXNativeTarget;
			buildConfigurationList = CD1E53421D05669A00CC42C7 /* Build configuration list for PBXNativeTarget "zhnActiveFire" */;
			buildPhases = (
				CD1E53111D05669A00CC42C7 /* Sources */,
				CD1E53121D05669A00CC42C7 /* Frameworks */,
				CD1E53131D05669A00CC42C7 /* Resources */,
			);
			buildRules = (
			);
			dependencies = (
			);
			name = zhnActiveFire;
			productName = zhnActiveFire;
			productReference = CD1E53151D05669A00CC42C7 /* zhnActiveFire.app */;
			productType = "com.apple.product-type.application";
		};
		CD1E532D1D05669A00CC42C7 /* zhnActiveFireTests */ = {
			isa = PBXNativeTarget;
			buildConfigurationList = CD1E53451D05669A00CC42C7 /* Build configuration list for PBXNativeTarget "zhnActiveFireTests" */;
			buildPhases = (
				CD1E532A1D05669A00CC42C7 /* Sources */,
				CD1E532B1D05669A00CC42C7 /* Frameworks */,
				CD1E532C1D05669A00CC42C7 /* Resources */,
			);
			buildRules = (
			);
			dependencies = (
				CD1E53301D05669A00CC42C7 /* PBXTargetDependency */,
			);
			name = zhnActiveFireTests;
			productName = zhnActiveFireTests;
			productReference = CD1E532E1D05669A00CC42C7 /* zhnActiveFireTests.xctest */;
			productType = "com.apple.product-type.bundle.unit-test";
		};
		CD1E53381D05669A00CC42C7 /* zhnActiveFireUITests */ = {
			isa = PBXNativeTarget;
			buildConfigurationList = CD1E53481D05669A00CC42C7 /* Build configuration list for PBXNativeTarget "zhnActiveFireUITests" */;
			buildPhases = (
				CD1E53351D05669A00CC42C7 /* Sources */,
				CD1E53361D05669A00CC42C7 /* Frameworks */,
				CD1E53371D05669A00CC42C7 /* Resources */,
			);
			buildRules = (
			);
			dependencies = (
				CD1E533B1D05669A00CC42C7 /* PBXTargetDependency */,
			);
			name = zhnActiveFireUITests;
			productName = zhnActiveFireUITests;
			productReference = CD1E53391D05669A00CC42C7 /* zhnActiveFireUITests.xctest */;
			productType = "com.apple.product-type.bundle.ui-testing";
		};
/* End PBXNativeTarget section */

/* Begin PBXProject section */
		CD1E530D1D05669A00CC42C7 /* Project object */ = {
			isa = PBXProject;
			attributes = {
				LastUpgradeCheck = 0720;
				ORGANIZATIONNAME = zhn;
				TargetAttributes = {
					CD1E53141D05669A00CC42C7 = {
						CreatedOnToolsVersion = 7.2;
					};
					CD1E532D1D05669A00CC42C7 = {
						CreatedOnToolsVersion = 7.2;
						TestTargetID = CD1E53141D05669A00CC42C7;
					};
					CD1E53381D05669A00CC42C7 = {
						CreatedOnToolsVersion = 7.2;
						TestTargetID = CD1E53141D05669A00CC42C7;
					};
				};
			};
			buildConfigurationList = CD1E53101D05669A00CC42C7 /* Build configuration list for PBXProject "zhnActiveFire" */;
			compatibilityVersion = "Xcode 3.2";
			developmentRegion = English;
			hasScannedForEncodings = 0;
			knownRegions = (
				en,
				Base,
			);
			mainGroup = CD1E530C1D05669A00CC42C7;
			productRefGroup = CD1E53161D05669A00CC42C7 /* Products */;
			projectDirPath = "";
			projectRoot = "";
			targets = (
				CD1E53141D05669A00CC42C7 /* zhnActiveFire */,
				CD1E532D1D05669A00CC42C7 /* zhnActiveFireTests */,
				CD1E53381D05669A00CC42C7 /* zhnActiveFireUITests */,
			);
		};
/* End PBXProject section */

/* Begin PBXResourcesBuildPhase section */
		CD1E53131D05669A00CC42C7 /* Resources */ = {
			isa = PBXResourcesBuildPhase;
			buildActionMask = 2147483647;
			files = (
				CD1E53281D05669A00CC42C7 /* LaunchScreen.storyboard in Resources */,
				CD1E53251D05669A00CC42C7 /* Assets.xcassets in Resources */,
				CD1E53231D05669A00CC42C7 /* Main.storyboard in Resources */,
			);
			runOnlyForDeploymentPostprocessing = 0;
		};
		CD1E532C1D05669A00CC42C7 /* Resources */ = {
			isa = PBXResourcesBuildPhase;
			buildActionMask = 2147483647;
			files = (
			);
			runOnlyForDeploymentPostprocessing = 0;
		};
		CD1E53371D05669A00CC42C7 /* Resources */ = {
			isa = PBXResourcesBuildPhase;
			buildActionMask = 2147483647;
			files = (
			);
			runOnlyForDeploymentPostprocessing = 0;
		};
/* End PBXResourcesBuildPhase section */

/* Begin PBXSourcesBuildPhase section */
		CD1E53111D05669A00CC42C7 /* Sources */ = {
			isa = PBXSourcesBuildPhase;
			buildActionMask = 2147483647;
			files = (
				CD1E538B1D06997100CC42C7 /* MASConstraint.m in Sources */,
				CD1E53671D06929000CC42C7 /* ZHNdiskCache.m in Sources */,
				CD1E53931D06997100CC42C7 /* ViewController+MASAdditions.m in Sources */,
				CD1E53681D06929000CC42C7 /* ZHNimageDownLoader.m in Sources */,
				CD1E536A1D06929000CC42C7 /* ZHNunlimitedCarouselView.m in Sources */,
				CD1E53201D05669A00CC42C7 /* ViewController.m in Sources */,
				CD1E538A1D06997100CC42C7 /* MASCompositeConstraint.m in Sources */,
				CD1E53651D06929000CC42C7 /* UIImageView+ZHNimage.m in Sources */,
				CD1E538C1D06997100CC42C7 /* MASConstraintMaker.m in Sources */,
				CD1E53921D06997100CC42C7 /* View+MASAdditions.m in Sources */,
				CD1E53691D06929000CC42C7 /* ZHNmemoryCache.m in Sources */,
				CD1E538E1D06997100CC42C7 /* MASViewAttribute.m in Sources */,
				CD1E53911D06997100CC42C7 /* NSLayoutConstraint+MASDebugAdditions.m in Sources */,
				CD1E536D1D06929000CC42C7 /* ZHNwebImageOperation.m in Sources */,
				CD1E531D1D05669A00CC42C7 /* AppDelegate.m in Sources */,
				CD1E536B1D06929000CC42C7 /* ZHNunlimitedCell.m in Sources */,
				CD1E53901D06997100CC42C7 /* NSArray+MASAdditions.m in Sources */,
				CD1E531A1D05669A00CC42C7 /* main.m in Sources */,
				CD1E538F1D06997100CC42C7 /* MASViewConstraint.m in Sources */,
				CD1E53661D06929000CC42C7 /* UIImageView+ZHNimageCache.m in Sources */,
				CD1E536C1D06929000CC42C7 /* ZHNwebImageCache.m in Sources */,
				CD1E538D1D06997100CC42C7 /* MASLayoutConstraint.m in Sources */,
				CD1E534D1D05675D00CC42C7 /* zhnAtiveFireView.m in Sources */,
			);
			runOnlyForDeploymentPostprocessing = 0;
		};
		CD1E532A1D05669A00CC42C7 /* Sources */ = {
			isa = PBXSourcesBuildPhase;
			buildActionMask = 2147483647;
			files = (
				CD1E53331D05669A00CC42C7 /* zhnActiveFireTests.m in Sources */,
			);
			runOnlyForDeploymentPostprocessing = 0;
		};
		CD1E53351D05669A00CC42C7 /* Sources */ = {
			isa = PBXSourcesBuildPhase;
			buildActionMask = 2147483647;
			files = (
				CD1E533E1D05669A00CC42C7 /* zhnActiveFireUITests.m in Sources */,
			);
			runOnlyForDeploymentPostprocessing = 0;
		};
/* End PBXSourcesBuildPhase section */

/* Begin PBXTargetDependency section */
		CD1E53301D05669A00CC42C7 /* PBXTargetDependency */ = {
			isa = PBXTargetDependency;
			target = CD1E53141D05669A00CC42C7 /* zhnActiveFire */;
			targetProxy = CD1E532F1D05669A00CC42C7 /* PBXContainerItemProxy */;
		};
		CD1E533B1D05669A00CC42C7 /* PBXTargetDependency */ = {
			isa = PBXTargetDependency;
			target = CD1E53141D05669A00CC42C7 /* zhnActiveFire */;
			targetProxy = CD1E533A1D05669A00CC42C7 /* PBXContainerItemProxy */;
		};
/* End PBXTargetDependency section */

/* Begin PBXVariantGroup section */
		CD1E53211D05669A00CC42C7 /* Main.storyboard */ = {
			isa = PBXVariantGroup;
			children = (
				CD1E53221D05669A00CC42C7 /* Base */,
			);
			name = Main.storyboard;
			sourceTree = "<group>";
		};
		CD1E53261D05669A00CC42C7 /* LaunchScreen.storyboard */ = {
			isa = PBXVariantGroup;
			children = (
				CD1E53271D05669A00CC42C7 /* Base */,
			);
			name = LaunchScreen.storyboard;
			sourceTree = "<group>";
		};
/* End PBXVariantGroup section */

/* Begin XCBuildConfiguration section */
		CD1E53401D05669A00CC42C7 /* Debug */ = {
			isa = XCBuildConfiguration;
			buildSettings = {
				ALWAYS_SEARCH_USER_PATHS = NO;
				CLANG_CXX_LANGUAGE_STANDARD = "gnu++0x";
				CLANG_CXX_LIBRARY = "libc++";
				CLANG_ENABLE_MODULES = YES;
				CLANG_ENABLE_OBJC_ARC = YES;
				CLANG_WARN_BOOL_CONVERSION = YES;
				CLANG_WARN_CONSTANT_CONVERSION = YES;
				CLANG_WARN_DIRECT_OBJC_ISA_USAGE = YES_ERROR;
				CLANG_WARN_EMPTY_BODY = YES;
				CLANG_WARN_ENUM_CONVERSION = YES;
				CLANG_WARN_INT_CONVERSION = YES;
				CLANG_WARN_OBJC_ROOT_CLASS = YES_ERROR;
				CLANG_WARN_UNREACHABLE_CODE = YES;
				CLANG_WARN__DUPLICATE_METHOD_MATCH = YES;
				"CODE_SIGN_IDENTITY[sdk=iphoneos*]" = "iPhone Developer";
				COPY_PHASE_STRIP = NO;
				DEBUG_INFORMATION_FORMAT = dwarf;
				ENABLE_STRICT_OBJC_MSGSEND = YES;
				ENABLE_TESTABILITY = YES;
				GCC_C_LANGUAGE_STANDARD = gnu99;
				GCC_DYNAMIC_NO_PIC = NO;
				GCC_NO_COMMON_BLOCKS = YES;
				GCC_OPTIMIZATION_LEVEL = 0;
				GCC_PREPROCESSOR_DEFINITIONS = (
					"DEBUG=1",
					"$(inherited)",
				);
				GCC_WARN_64_TO_32_BIT_CONVERSION = YES;
				GCC_WARN_ABOUT_RETURN_TYPE = YES_ERROR;
				GCC_WARN_UNDECLARED_SELECTOR = YES;
				GCC_WARN_UNINITIALIZED_AUTOS = YES_AGGRESSIVE;
				GCC_WARN_UNUSED_FUNCTION = YES;
				GCC_WARN_UNUSED_VARIABLE = YES;
				IPHONEOS_DEPLOYMENT_TARGET = 9.2;
				MTL_ENABLE_DEBUG_INFO = YES;
				ONLY_ACTIVE_ARCH = YES;
				SDKROOT = iphoneos;
			};
			name = Debug;
		};
		CD1E53411D05669A00CC42C7 /* Release */ = {
			isa = XCBuildConfiguration;
			buildSettings = {
				ALWAYS_SEARCH_USER_PATHS = NO;
				CLANG_CXX_LANGUAGE_STANDARD = "gnu++0x";
				CLANG_CXX_LIBRARY = "libc++";
				CLANG_ENABLE_MODULES = YES;
				CLANG_ENABLE_OBJC_ARC = YES;
				CLANG_WARN_BOOL_CONVERSION = YES;
				CLANG_WARN_CONSTANT_CONVERSION = YES;
				CLANG_WARN_DIRECT_OBJC_ISA_USAGE = YES_ERROR;
				CLANG_WARN_EMPTY_BODY = YES;
				CLANG_WARN_ENUM_CONVERSION = YES;
				CLANG_WARN_INT_CONVERSION = YES;
				CLANG_WARN_OBJC_ROOT_CLASS = YES_ERROR;
				CLANG_WARN_UNREACHABLE_CODE = YES;
				CLANG_WARN__DUPLICATE_METHOD_MATCH = YES;
				"CODE_SIGN_IDENTITY[sdk=iphoneos*]" = "iPhone Developer";
				COPY_PHASE_STRIP = NO;
				DEBUG_INFORMATION_FORMAT = "dwarf-with-dsym";
				ENABLE_NS_ASSERTIONS = NO;
				ENABLE_STRICT_OBJC_MSGSEND = YES;
				GCC_C_LANGUAGE_STANDARD = gnu99;
				GCC_NO_COMMON_BLOCKS = YES;
				GCC_WARN_64_TO_32_BIT_CONVERSION = YES;
				GCC_WARN_ABOUT_RETURN_TYPE = YES_ERROR;
				GCC_WARN_UNDECLARED_SELECTOR = YES;
				GCC_WARN_UNINITIALIZED_AUTOS = YES_AGGRESSIVE;
				GCC_WARN_UNUSED_FUNCTION = YES;
				GCC_WARN_UNUSED_VARIABLE = YES;
				IPHONEOS_DEPLOYMENT_TARGET = 9.2;
				MTL_ENABLE_DEBUG_INFO = NO;
				SDKROOT = iphoneos;
				VALIDATE_PRODUCT = YES;
			};
			name = Release;
		};
		CD1E53431D05669A00CC42C7 /* Debug */ = {
			isa = XCBuildConfiguration;
			buildSettings = {
				ASSETCATALOG_COMPILER_APPICON_NAME = AppIcon;
				INFOPLIST_FILE = zhnActiveFire/Info.plist;
				LD_RUNPATH_SEARCH_PATHS = "$(inherited) @executable_path/Frameworks";
				PRODUCT_BUNDLE_IDENTIFIER = zhn.zhnActiveFire;
				PRODUCT_NAME = "$(TARGET_NAME)";
			};
			name = Debug;
		};
		CD1E53441D05669A00CC42C7 /* Release */ = {
			isa = XCBuildConfiguration;
			buildSettings = {
				ASSETCATALOG_COMPILER_APPICON_NAME = AppIcon;
				INFOPLIST_FILE = zhnActiveFire/Info.plist;
				LD_RUNPATH_SEARCH_PATHS = "$(inherited) @executable_path/Frameworks";
				PRODUCT_BUNDLE_IDENTIFIER = zhn.zhnActiveFire;
				PRODUCT_NAME = "$(TARGET_NAME)";
			};
			name = Release;
		};
		CD1E53461D05669A00CC42C7 /* Debug */ = {
			isa = XCBuildConfiguration;
			buildSettings = {
				BUNDLE_LOADER = "$(TEST_HOST)";
				INFOPLIST_FILE = zhnActiveFireTests/Info.plist;
				LD_RUNPATH_SEARCH_PATHS = "$(inherited) @executable_path/Frameworks @loader_path/Frameworks";
				PRODUCT_BUNDLE_IDENTIFIER = zhn.zhnActiveFireTests;
				PRODUCT_NAME = "$(TARGET_NAME)";
				TEST_HOST = "$(BUILT_PRODUCTS_DIR)/zhnActiveFire.app/zhnActiveFire";
			};
			name = Debug;
		};
		CD1E53471D05669A00CC42C7 /* Release */ = {
			isa = XCBuildConfiguration;
			buildSettings = {
				BUNDLE_LOADER = "$(TEST_HOST)";
				INFOPLIST_FILE = zhnActiveFireTests/Info.plist;
				LD_RUNPATH_SEARCH_PATHS = "$(inherited) @executable_path/Frameworks @loader_path/Frameworks";
				PRODUCT_BUNDLE_IDENTIFIER = zhn.zhnActiveFireTests;
				PRODUCT_NAME = "$(TARGET_NAME)";
				TEST_HOST = "$(BUILT_PRODUCTS_DIR)/zhnActiveFire.app/zhnActiveFire";
			};
			name = Release;
		};
		CD1E53491D05669A00CC42C7 /* Debug */ = {
			isa = XCBuildConfiguration;
			buildSettings = {
				INFOPLIST_FILE = zhnActiveFireUITests/Info.plist;
				LD_RUNPATH_SEARCH_PATHS = "$(inherited) @executable_path/Frameworks @loader_path/Frameworks";
				PRODUCT_BUNDLE_IDENTIFIER = zhn.zhnActiveFireUITests;
				PRODUCT_NAME = "$(TARGET_NAME)";
				TEST_TARGET_NAME = zhnActiveFire;
				USES_XCTRUNNER = YES;
			};
			name = Debug;
		};
		CD1E534A1D05669A00CC42C7 /* Release */ = {
			isa = XCBuildConfiguration;
			buildSettings = {
				INFOPLIST_FILE = zhnActiveFireUITests/Info.plist;
				LD_RUNPATH_SEARCH_PATHS = "$(inherited) @executable_path/Frameworks @loader_path/Frameworks";
				PRODUCT_BUNDLE_IDENTIFIER = zhn.zhnActiveFireUITests;
				PRODUCT_NAME = "$(TARGET_NAME)";
				TEST_TARGET_NAME = zhnActiveFire;
				USES_XCTRUNNER = YES;
			};
			name = Release;
		};
/* End XCBuildConfiguration section */

/* Begin XCConfigurationList section */
		CD1E53101D05669A00CC42C7 /* Build configuration list for PBXProject "zhnActiveFire" */ = {
			isa = XCConfigurationList;
			buildConfigurations = (
				CD1E53401D05669A00CC42C7 /* Debug */,
				CD1E53411D05669A00CC42C7 /* Release */,
			);
			defaultConfigurationIsVisible = 0;
			defaultConfigurationName = Release;
		};
		CD1E53421D05669A00CC42C7 /* Build configuration list for PBXNativeTarget "zhnActiveFire" */ = {
			isa = XCConfigurationList;
			buildConfigurations = (
				CD1E53431D05669A00CC42C7 /* Debug */,
				CD1E53441D05669A00CC42C7 /* Release */,
			);
			defaultConfigurationIsVisible = 0;
			defaultConfigurationName = Release;
		};
		CD1E53451D05669A00CC42C7 /* Build configuration list for PBXNativeTarget "zhnActiveFireTests" */ = {
			isa = XCConfigurationList;
			buildConfigurations = (
				CD1E53461D05669A00CC42C7 /* Debug */,
				CD1E53471D05669A00CC42C7 /* Release */,
			);
			defaultConfigurationIsVisible = 0;
			defaultConfigurationName = Release;
		};
		CD1E53481D05669A00CC42C7 /* Build configuration list for PBXNativeTarget "zhnActiveFireUITests" */ = {
			isa = XCConfigurationList;
			buildConfigurations = (
				CD1E53491D05669A00CC42C7 /* Debug */,
				CD1E534A1D05669A00CC42C7 /* Release */,
			);
			defaultConfigurationIsVisible = 0;
			defaultConfigurationName = Release;
		};
/* End XCConfigurationList section */
	};
	rootObject = CD1E530D1D05669A00CC42C7 /* Project object */;
}
